
Microsoft Visual Studio Solution File, Format Version 12.00
# Visual Studio Version 16
VisualStudioVersion = 16.0.29519.87
MinimumVisualStudioVersion = 10.0.40219.1
Project("{2150E333-8FDC-42A3-9474-1A3956D46DE8}") = "BusinessLogicLayer", "BusinessLogicLayer", "{BA434BA8-B78E-4062-8BC0-A882CED30A63}"
EndProject
Project("{2150E333-8FDC-42A3-9474-1A3956D46DE8}") = "DatabaseLayer", "DatabaseLayer", "{0B14D403-DE02-4A02-8CE8-830A33CC858A}"
EndProject
Project("{2150E333-8FDC-42A3-9474-1A3956D46DE8}") = "ModelLayer", "ModelLayer", "{9DA9C2F3-FD2D-477A-9847-E9F798447D1C}"
EndProject
Project("{2150E333-8FDC-42A3-9474-1A3956D46DE8}") = "WebLayer", "WebLayer", "{82D3C4A1-32CE-4A7B-8E88-136DE03EEAA7}"
EndProject
Project("{9A19103F-16F7-4668-BE54-9A1E7A4F7556}") = "APEXAContracting.Business", "APEXAContracting.Business\APEXAContracting.Business.csproj", "{4F3C3CA0-F01B-4738-AD71-CB721A8C67D3}"
EndProject
Project("{9A19103F-16F7-4668-BE54-9A1E7A4F7556}") = "APEXAContracting.Business.Interface", "APEXAContracting.Business.Interface\APEXAContracting.Business.Interface.csproj", "{11733B97-A661-4220-BB14-92800EFF5E5C}"
EndProject
Project("{9A19103F-16F7-4668-BE54-9A1E7A4F7556}") = "APEXAContracting.Common", "APEXAContracting.Common\APEXAContracting.Common.csproj", "{41D551E5-73B3-4E28-A47C-244FD865DF44}"
EndProject
Project("{00D1A9C2-B5F0-4AF3-8072-F6C62B433612}") = "APEXAContracting.Database", "APEXAContracting.Database\APEXAContracting.Database.sqlproj", "{EF2B4DFA-1846-4AF1-BE8E-3AB53A2A1DDF}"
EndProject
Project("{9A19103F-16F7-4668-BE54-9A1E7A4F7556}") = "APEXAContracting.DataAccess", "APEXAContracting.DataAccess\APEXAContracting.DataAccess.csproj", "{F0584269-CEFE-4F8C-99AF-F95CF3F23464}"
EndProject
Project("{9A19103F-16F7-4668-BE54-9A1E7A4F7556}") = "APEXAContracting.Model.DTO", "APEXAContracting.Model.DTO\APEXAContracting.Model.DTO.csproj", "{83C90CF4-D625-47C4-AF74-05F3938D97BE}"
EndProject
Project("{9A19103F-16F7-4668-BE54-9A1E7A4F7556}") = "APEXAContracting.Model.Entity", "APEXAContracting.Model.Entity\APEXAContracting.Model.Entity.csproj", "{08112D2C-640F-44C1-A9C5-88E84D890E7D}"
EndProject
Project("{9A19103F-16F7-4668-BE54-9A1E7A4F7556}") = "APEXAContracting.Model.Mapper", "APEXAContracting.Model.Mapper\APEXAContracting.Model.Mapper.csproj", "{82800BE7-E379-4E2F-824A-84886B6FCA41}"
EndProject
Project("{9A19103F-16F7-4668-BE54-9A1E7A4F7556}") = "APEXAContracting.Web.Common", "APEXAContracting.Web.Common\APEXAContracting.Web.Common.csproj", "{CFB2B553-5583-4E54-B38F-E6DCAC1BD052}"
EndProject
Project("{9A19103F-16F7-4668-BE54-9A1E7A4F7556}") = "APEXAContracting.DataAccess.DotNetCore", "APEXAContracting.DataAccess.DotNetCore\APEXAContracting.DataAccess.DotNetCore.csproj", "{346C5F84-DAF4-4438-9DFB-F84C770EBB96}"
EndProject
Project("{9A19103F-16F7-4668-BE54-9A1E7A4F7556}") = "APEXAContracting.WebAPI", "APEXAContracting.WebAPI\APEXAContracting.WebAPI.csproj", "{673C5408-A861-4618-9AD9-64A869D133F3}"
EndProject
Project("{9A19103F-16F7-4668-BE54-9A1E7A4F7556}") = "APEXAContracting.Web", "APEXAContracting.Web\APEXAContracting.Web.csproj", "{3366F815-FA33-4769-AFDB-33CB00F6679A}"
EndProject
Global
	GlobalSection(SolutionConfigurationPlatforms) = preSolution
		Debug|Any CPU = Debug|Any CPU
		Release|Any CPU = Release|Any CPU
	EndGlobalSection
	GlobalSection(ProjectConfigurationPlatforms) = postSolution
		{4F3C3CA0-F01B-4738-AD71-CB721A8C67D3}.Debug|Any CPU.ActiveCfg = Debug|Any CPU
		{4F3C3CA0-F01B-4738-AD71-CB721A8C67D3}.Debug|Any CPU.Build.0 = Debug|Any CPU
		{4F3C3CA0-F01B-4738-AD71-CB721A8C67D3}.Release|Any CPU.ActiveCfg = Release|Any CPU
		{4F3C3CA0-F01B-4738-AD71-CB721A8C67D3}.Release|Any CPU.Build.0 = Release|Any CPU
		{11733B97-A661-4220-BB14-92800EFF5E5C}.Debug|Any CPU.ActiveCfg = Debug|Any CPU
		{11733B97-A661-4220-BB14-92800EFF5E5C}.Debug|Any CPU.Build.0 = Debug|Any CPU
		{11733B97-A661-4220-BB14-92800EFF5E5C}.Release|Any CPU.ActiveCfg = Release|Any CPU
		{11733B97-A661-4220-BB14-92800EFF5E5C}.Release|Any CPU.Build.0 = Release|Any CPU
		{41D551E5-73B3-4E28-A47C-244FD865DF44}.Debug|Any CPU.ActiveCfg = Debug|Any CPU
		{41D551E5-73B3-4E28-A47C-244FD865DF44}.Debug|Any CPU.Build.0 = Debug|Any CPU
		{41D551E5-73B3-4E28-A47C-244FD865DF44}.Release|Any CPU.ActiveCfg = Release|Any CPU
		{41D551E5-73B3-4E28-A47C-244FD865DF44}.Release|Any CPU.Build.0 = Release|Any CPU
		{EF2B4DFA-1846-4AF1-BE8E-3AB53A2A1DDF}.Debug|Any CPU.ActiveCfg = Debug|Any CPU
		{EF2B4DFA-1846-4AF1-BE8E-3AB53A2A1DDF}.Debug|Any CPU.Build.0 = Debug|Any CPU
		{EF2B4DFA-1846-4AF1-BE8E-3AB53A2A1DDF}.Debug|Any CPU.Deploy.0 = Debug|Any CPU
		{EF2B4DFA-1846-4AF1-BE8E-3AB53A2A1DDF}.Release|Any CPU.ActiveCfg = Release|Any CPU
		{EF2B4DFA-1846-4AF1-BE8E-3AB53A2A1DDF}.Release|Any CPU.Build.0 = Release|Any CPU
		{EF2B4DFA-1846-4AF1-BE8E-3AB53A2A1DDF}.Release|Any CPU.Deploy.0 = Release|Any CPU
		{F0584269-CEFE-4F8C-99AF-F95CF3F23464}.Debug|Any CPU.ActiveCfg = Debug|Any CPU
		{F0584269-CEFE-4F8C-99AF-F95CF3F23464}.Debug|Any CPU.Build.0 = Debug|Any CPU
		{F0584269-CEFE-4F8C-99AF-F95CF3F23464}.Release|Any CPU.ActiveCfg = Release|Any CPU
		{F0584269-CEFE-4F8C-99AF-F95CF3F23464}.Release|Any CPU.Build.0 = Release|Any CPU
		{83C90CF4-D625-47C4-AF74-05F3938D97BE}.Debug|Any CPU.ActiveCfg = Debug|Any CPU
		{83C90CF4-D625-47C4-AF74-05F3938D97BE}.Debug|Any CPU.Build.0 = Debug|Any CPU
		{83C90CF4-D625-47C4-AF74-05F3938D97BE}.Release|Any CPU.ActiveCfg = Release|Any CPU
		{83C90CF4-D625-47C4-AF74-05F3938D97BE}.Release|Any CPU.Build.0 = Release|Any CPU
		{08112D2C-640F-44C1-A9C5-88E84D890E7D}.Debug|Any CPU.ActiveCfg = Debug|Any CPU
		{08112D2C-640F-44C1-A9C5-88E84D890E7D}.Debug|Any CPU.Build.0 = Debug|Any CPU
		{08112D2C-640F-44C1-A9C5-88E84D890E7D}.Release|Any CPU.ActiveCfg = Release|Any CPU
		{08112D2C-640F-44C1-A9C5-88E84D890E7D}.Release|Any CPU.Build.0 = Release|Any CPU
		{82800BE7-E379-4E2F-824A-84886B6FCA41}.Debug|Any CPU.ActiveCfg = Debug|Any CPU
		{82800BE7-E379-4E2F-824A-84886B6FCA41}.Debug|Any CPU.Build.0 = Debug|Any CPU
		{82800BE7-E379-4E2F-824A-84886B6FCA41}.Release|Any CPU.ActiveCfg = Release|Any CPU
		{82800BE7-E379-4E2F-824A-84886B6FCA41}.Release|Any CPU.Build.0 = Release|Any CPU
		{CFB2B553-5583-4E54-B38F-E6DCAC1BD052}.Debug|Any CPU.ActiveCfg = Debug|Any CPU
		{CFB2B553-5583-4E54-B38F-E6DCAC1BD052}.Debug|Any CPU.Build.0 = Debug|Any CPU
		{CFB2B553-5583-4E54-B38F-E6DCAC1BD052}.Release|Any CPU.ActiveCfg = Release|Any CPU
		{CFB2B553-5583-4E54-B38F-E6DCAC1BD052}.Release|Any CPU.Build.0 = Release|Any CPU
		{346C5F84-DAF4-4438-9DFB-F84C770EBB96}.Debug|Any CPU.ActiveCfg = Debug|Any CPU
		{346C5F84-DAF4-4438-9DFB-F84C770EBB96}.Debug|Any CPU.Build.0 = Debug|Any CPU
		{346C5F84-DAF4-4438-9DFB-F84C770EBB96}.Release|Any CPU.ActiveCfg = Release|Any CPU
		{346C5F84-DAF4-4438-9DFB-F84C770EBB96}.Release|Any CPU.Build.0 = Release|Any CPU
		{673C5408-A861-4618-9AD9-64A869D133F3}.Debug|Any CPU.ActiveCfg = Debug|Any CPU
		{673C5408-A861-4618-9AD9-64A869D133F3}.Debug|Any CPU.Build.0 = Debug|Any CPU
		{673C5408-A861-4618-9AD9-64A869D133F3}.Release|Any CPU.ActiveCfg = Release|Any CPU
		{673C5408-A861-4618-9AD9-64A869D133F3}.Release|Any CPU.Build.0 = Release|Any CPU
		{3366F815-FA33-4769-AFDB-33CB00F6679A}.Debug|Any CPU.ActiveCfg = Debug|Any CPU
		{3366F815-FA33-4769-AFDB-33CB00F6679A}.Debug|Any CPU.Build.0 = Debug|Any CPU
		{3366F815-FA33-4769-AFDB-33CB00F6679A}.Release|Any CPU.ActiveCfg = Release|Any CPU
		{3366F815-FA33-4769-AFDB-33CB00F6679A}.Release|Any CPU.Build.0 = Release|Any CPU
	EndGlobalSection
	GlobalSection(SolutionProperties) = preSolution
		HideSolutionNode = FALSE
	EndGlobalSection
	GlobalSection(NestedProjects) = preSolution
		{4F3C3CA0-F01B-4738-AD71-CB721A8C67D3} = {BA434BA8-B78E-4062-8BC0-A882CED30A63}
		{11733B97-A661-4220-BB14-92800EFF5E5C} = {BA434BA8-B78E-4062-8BC0-A882CED30A63}
		{41D551E5-73B3-4E28-A47C-244FD865DF44} = {BA434BA8-B78E-4062-8BC0-A882CED30A63}
		{EF2B4DFA-1846-4AF1-BE8E-3AB53A2A1DDF} = {0B14D403-DE02-4A02-8CE8-830A33CC858A}
		{F0584269-CEFE-4F8C-99AF-F95CF3F23464} = {0B14D403-DE02-4A02-8CE8-830A33CC858A}
		{83C90CF4-D625-47C4-AF74-05F3938D97BE} = {9DA9C2F3-FD2D-477A-9847-E9F798447D1C}
		{08112D2C-640F-44C1-A9C5-88E84D890E7D} = {9DA9C2F3-FD2D-477A-9847-E9F798447D1C}
		{82800BE7-E379-4E2F-824A-84886B6FCA41} = {9DA9C2F3-FD2D-477A-9847-E9F798447D1C}
		{CFB2B553-5583-4E54-B38F-E6DCAC1BD052} = {82D3C4A1-32CE-4A7B-8E88-136DE03EEAA7}
		{346C5F84-DAF4-4438-9DFB-F84C770EBB96} = {0B14D403-DE02-4A02-8CE8-830A33CC858A}
		{673C5408-A861-4618-9AD9-64A869D133F3} = {82D3C4A1-32CE-4A7B-8E88-136DE03EEAA7}
		{3366F815-FA33-4769-AFDB-33CB00F6679A} = {82D3C4A1-32CE-4A7B-8E88-136DE03EEAA7}
	EndGlobalSection
	GlobalSection(ExtensibilityGlobals) = postSolution
		SolutionGuid = {01DEA00A-88F6-448C-B04F-869A6932EBAB}
	EndGlobalSection
EndGlobal
